
Microsoft Visual Studio Solution File, Format Version 12.00
# Visual Studio Version 17
VisualStudioVersion = 17.5.33424.131
MinimumVisualStudioVersion = 10.0.40219.1
Project("{FAE04EC0-301F-11D3-BF4B-00C04F79EFBC}") = "Lab7", "Lab7\Lab7.csproj", "{206BC14F-8CCF-48E2-986D-527F67C096EC}"
EndProject
Project("{FAE04EC0-301F-11D3-BF4B-00C04F79EFBC}") = "Entity", "Entity\Entity.csproj", "{150EB93D-3FAD-42FB-A04F-11059D4186EA}"
EndProject
Project("{FAE04EC0-301F-11D3-BF4B-00C04F79EFBC}") = "Data", "Data\Data.csproj", "{22793F0F-34CC-415B-95FF-2F5B8870459A}"
EndProject
Project("{FAE04EC0-301F-11D3-BF4B-00C04F79EFBC}") = "Business", "Business\Business.csproj", "{351D4BDC-EC58-4027-A616-4AD86681773A}"
EndProject
Global
	GlobalSection(SolutionConfigurationPlatforms) = preSolution
		Debug|Any CPU = Debug|Any CPU
		Release|Any CPU = Release|Any CPU
	EndGlobalSection
	GlobalSection(ProjectConfigurationPlatforms) = postSolution
		{206BC14F-8CCF-48E2-986D-527F67C096EC}.Debug|Any CPU.ActiveCfg = Debug|Any CPU
		{206BC14F-8CCF-48E2-986D-527F67C096EC}.Debug|Any CPU.Build.0 = Debug|Any CPU
		{206BC14F-8CCF-48E2-986D-527F67C096EC}.Release|Any CPU.ActiveCfg = Release|Any CPU
		{206BC14F-8CCF-48E2-986D-527F67C096EC}.Release|Any CPU.Build.0 = Release|Any CPU
		{150EB93D-3FAD-42FB-A04F-11059D4186EA}.Debug|Any CPU.ActiveCfg = Debug|Any CPU
		{150EB93D-3FAD-42FB-A04F-11059D4186EA}.Debug|Any CPU.Build.0 = Debug|Any CPU
		{150EB93D-3FAD-42FB-A04F-11059D4186EA}.Release|Any CPU.ActiveCfg = Release|Any CPU
		{150EB93D-3FAD-42FB-A04F-11059D4186EA}.Release|Any CPU.Build.0 = Release|Any CPU
		{22793F0F-34CC-415B-95FF-2F5B8870459A}.Debug|Any CPU.ActiveCfg = Debug|Any CPU
		{22793F0F-34CC-415B-95FF-2F5B8870459A}.Debug|Any CPU.Build.0 = Debug|Any CPU
		{22793F0F-34CC-415B-95FF-2F5B8870459A}.Release|Any CPU.ActiveCfg = Release|Any CPU
		{22793F0F-34CC-415B-95FF-2F5B8870459A}.Release|Any CPU.Build.0 = Release|Any CPU
		{351D4BDC-EC58-4027-A616-4AD86681773A}.Debug|Any CPU.ActiveCfg = Debug|Any CPU
		{351D4BDC-EC58-4027-A616-4AD86681773A}.Debug|Any CPU.Build.0 = Debug|Any CPU
		{351D4BDC-EC58-4027-A616-4AD86681773A}.Release|Any CPU.ActiveCfg = Release|Any CPU
		{351D4BDC-EC58-4027-A616-4AD86681773A}.Release|Any CPU.Build.0 = Release|Any CPU
	EndGlobalSection
	GlobalSection(SolutionProperties) = preSolution
		HideSolutionNode = FALSE
	EndGlobalSection
	GlobalSection(ExtensibilityGlobals) = postSolution
		SolutionGuid = {D5151CB2-3D55-4558-830C-94D0D5E54B2C}
	EndGlobalSection
EndGlobal
